{
  "name": "@mehul0810/agent-skills",
  "lockfileVersion": 2,
  "requires": true,
  "packages": {
    "": {
      "name": "@mehul0810/agent-skills",
      "devDependencies": {
        "@mehul0810/agent-harness": "https://github.com/mehul0810/agent-harness/archive/24ffe6e5481aebe33f403df9b72f0de7214f019a.tar.gz"
      },
      "engines": {
        "node": ">=24 <25"
      }
    },
    "node_modules/@mehul0810/agent-harness": {
      "version": "0.1.0",
      "resolved": "https://github.com/mehul0810/agent-harness/archive/24ffe6e5481aebe33f403df9b72f0de7214f019a.tar.gz",
      "integrity": "sha512-HaaSLNHrsEbShnWzh/lhGMgFBGq3HVaUxI7F5mg9RzkAwIrz6fkwVW88UUQxec2FpVd40TtJeOzzEC9efWqG+A==",
      "dev": true,
      "license": "MIT",
      "bin": {
        "agent-harness": "bin/agent-harness.js"
      },
      "engines": {
        "node": ">=24 <25"
      }
    }
  },
  "dependencies": {
    "@mehul0810/agent-harness": {
      "version": "https://github.com/mehul0810/agent-harness/archive/24ffe6e5481aebe33f403df9b72f0de7214f019a.tar.gz",
      "integrity": "sha512-HaaSLNHrsEbShnWzh/lhGMgFBGq3HVaUxI7F5mg9RzkAwIrz6fkwVW88UUQxec2FpVd40TtJeOzzEC9efWqG+A==",
      "dev": true
    }
  }
}
