{
  "name": "@mehul0810/agent-skills",
  "lockfileVersion": 2,
  "requires": true,
  "packages": {
    "": {
      "name": "@mehul0810/agent-skills",
      "dependencies": {
        "ajv": "8.20.0"
      },
      "devDependencies": {
        "@mehul0810/agent-harness": "https://github.com/mehul0810/agent-harness/archive/24ffe6e5481aebe33f403df9b72f0de7214f019a.tar.gz"
      },
      "engines": {
        "node": ">=24 <25"
      }
    },
    "node_modules/@mehul0810/agent-harness": {
      "version": "0.1.0",
      "resolved": "https://github.com/mehul0810/agent-harness/archive/24ffe6e5481aebe33f403df9b72f0de7214f019a.tar.gz",
      "integrity": "sha512-HaaSLNHrsEbShnWzh/lhGMgFBGq3HVaUxI7F5mg9RzkAwIrz6fkwVW88UUQxec2FpVd40TtJeOzzEC9efWqG+A==",
      "dev": true,
      "license": "MIT",
      "bin": {
        "agent-harness": "bin/agent-harness.js"
      },
      "engines": {
        "node": ">=24 <25"
      }
    },
    "node_modules/ajv": {
      "version": "8.20.0",
      "resolved": "https://registry.npmjs.org/ajv/-/ajv-8.20.0.tgz",
      "integrity": "sha512-Thbli+OlOj+iMPYFBVBfJ3OmCAnaSyNn4M1vz9T6Gka5Jt9ba/HIR56joy65tY6kx/FCF5VXNB819Y7/GUrBGA==",
      "license": "MIT",
      "dependencies": {
        "fast-deep-equal": "^3.1.3",
        "fast-uri": "^3.0.1",
        "json-schema-traverse": "^1.0.0",
        "require-from-string": "^2.0.2"
      },
      "funding": {
        "type": "github",
        "url": "https://github.com/sponsors/epoberezkin"
      }
    },
    "node_modules/fast-deep-equal": {
      "version": "3.1.3",
      "resolved": "https://registry.npmjs.org/fast-deep-equal/-/fast-deep-equal-3.1.3.tgz",
      "integrity": "sha512-f3qQ9oQy9j2AhBe/H9VC91wLmKBCCU/gDOnKNAYG5hswO7BLKj09Hc5HYNz9cGI++xlpDCIgDaitVs03ATR84Q==",
      "license": "MIT"
    },
    "node_modules/fast-uri": {
      "version": "3.1.7",
      "resolved": "https://registry.npmjs.org/fast-uri/-/fast-uri-3.1.7.tgz",
      "integrity": "sha512-dOvZVzjdZdz7phd9v6jCbwxrBW3fK6n8Rc0CtdmM4bumzMnxywBYhuph6J819RRw/ku+rLbelwfMunktuzVVHg==",
      "funding": [
        {
          "type": "github",
          "url": "https://github.com/sponsors/fastify"
        },
        {
          "type": "opencollective",
          "url": "https://opencollective.com/fastify"
        }
      ],
      "license": "BSD-3-Clause"
    },
    "node_modules/json-schema-traverse": {
      "version": "1.0.0",
      "resolved": "https://registry.npmjs.org/json-schema-traverse/-/json-schema-traverse-1.0.0.tgz",
      "integrity": "sha512-NM8/P9n3XjXhIZn1lLhkFaACTOURQXjWhV4BA/RnOv8xvgqtqpAX9IO4mRQxSx1Rlo4tqzeqb0sOlruaOy3dug==",
      "license": "MIT"
    },
    "node_modules/require-from-string": {
      "version": "2.0.2",
      "resolved": "https://registry.npmjs.org/require-from-string/-/require-from-string-2.0.2.tgz",
      "integrity": "sha512-Xf0nWe6RseziFMu+Ap9biiUbmplq6S9/p+7w7YXP/JBHhrUDDUhwa+vANyubuqfZWTveU//DYVGsDG7RKL/vEw==",
      "license": "MIT",
      "engines": {
        "node": ">=0.10.0"
      }
    }
  },
  "dependencies": {
    "@mehul0810/agent-harness": {
      "version": "https://github.com/mehul0810/agent-harness/archive/24ffe6e5481aebe33f403df9b72f0de7214f019a.tar.gz",
      "integrity": "sha512-HaaSLNHrsEbShnWzh/lhGMgFBGq3HVaUxI7F5mg9RzkAwIrz6fkwVW88UUQxec2FpVd40TtJeOzzEC9efWqG+A==",
      "dev": true
    },
    "ajv": {
      "version": "8.20.0",
      "resolved": "https://registry.npmjs.org/ajv/-/ajv-8.20.0.tgz",
      "integrity": "sha512-Thbli+OlOj+iMPYFBVBfJ3OmCAnaSyNn4M1vz9T6Gka5Jt9ba/HIR56joy65tY6kx/FCF5VXNB819Y7/GUrBGA==",
      "requires": {
        "fast-deep-equal": "^3.1.3",
        "fast-uri": "^3.0.1",
        "json-schema-traverse": "^1.0.0",
        "require-from-string": "^2.0.2"
      }
    },
    "fast-deep-equal": {
      "version": "3.1.3",
      "resolved": "https://registry.npmjs.org/fast-deep-equal/-/fast-deep-equal-3.1.3.tgz",
      "integrity": "sha512-f3qQ9oQy9j2AhBe/H9VC91wLmKBCCU/gDOnKNAYG5hswO7BLKj09Hc5HYNz9cGI++xlpDCIgDaitVs03ATR84Q=="
    },
    "fast-uri": {
      "version": "3.1.7",
      "resolved": "https://registry.npmjs.org/fast-uri/-/fast-uri-3.1.7.tgz",
      "integrity": "sha512-dOvZVzjdZdz7phd9v6jCbwxrBW3fK6n8Rc0CtdmM4bumzMnxywBYhuph6J819RRw/ku+rLbelwfMunktuzVVHg=="
    },
    "json-schema-traverse": {
      "version": "1.0.0",
      "resolved": "https://registry.npmjs.org/json-schema-traverse/-/json-schema-traverse-1.0.0.tgz",
      "integrity": "sha512-NM8/P9n3XjXhIZn1lLhkFaACTOURQXjWhV4BA/RnOv8xvgqtqpAX9IO4mRQxSx1Rlo4tqzeqb0sOlruaOy3dug=="
    },
    "require-from-string": {
      "version": "2.0.2",
      "resolved": "https://registry.npmjs.org/require-from-string/-/require-from-string-2.0.2.tgz",
      "integrity": "sha512-Xf0nWe6RseziFMu+Ap9biiUbmplq6S9/p+7w7YXP/JBHhrUDDUhwa+vANyubuqfZWTveU//DYVGsDG7RKL/vEw=="
    }
  }
}
