{
  "name": "@mehul0810/agent-skills",
  "lockfileVersion": 2,
  "requires": true,
  "packages": {
    "": {
      "name": "@mehul0810/agent-skills",
      "devDependencies": {
        "@mehul0810/agent-harness": "https://github.com/mehul0810/agent-harness/archive/f6b5e2009f710d963cf6728853012691ec39b16e.tar.gz"
      },
      "engines": {
        "node": ">=20"
      }
    },
    "node_modules/@mehul0810/agent-harness": {
      "version": "0.1.0",
      "resolved": "https://github.com/mehul0810/agent-harness/archive/f6b5e2009f710d963cf6728853012691ec39b16e.tar.gz",
      "integrity": "sha512-V7fa0bmW/cWkivKzWlMbsOO/OkRwuLnANuZOVI50NhZ9bB8ju7vm5teLUSft9fBF1VoqxuShiX5EtJT7ZlNZFQ==",
      "dev": true,
      "license": "MIT",
      "bin": {
        "agent-harness": "bin/agent-harness.js"
      },
      "engines": {
        "node": ">=20"
      }
    }
  },
  "dependencies": {
    "@mehul0810/agent-harness": {
      "version": "https://github.com/mehul0810/agent-harness/archive/f6b5e2009f710d963cf6728853012691ec39b16e.tar.gz",
      "integrity": "sha512-V7fa0bmW/cWkivKzWlMbsOO/OkRwuLnANuZOVI50NhZ9bB8ju7vm5teLUSft9fBF1VoqxuShiX5EtJT7ZlNZFQ==",
      "dev": true
    }
  }
}
